
Microsoft Visual Studio Solution File, Format Version 12.00
# Visual Studio Version 16
VisualStudioVersion = 16.0.31112.23
MinimumVisualStudioVersion = 10.0.40219.1
Project("{FAE04EC0-301F-11D3-BF4B-00C04F79EFBC}") = "BytologyTask", "BytologyTask\BytologyTask.csproj", "{60A38E1D-DD2A-4C67-A707-7B7EC01B4A81}"
EndProject
Global
	GlobalSection(SolutionConfigurationPlatforms) = preSolution
		Debug|Any CPU = Debug|Any CPU
		Release|Any CPU = Release|Any CPU
	EndGlobalSection
	GlobalSection(ProjectConfigurationPlatforms) = postSolution
		{60A38E1D-DD2A-4C67-A707-7B7EC01B4A81}.Debug|Any CPU.ActiveCfg = Debug|Any CPU
		{60A38E1D-DD2A-4C67-A707-7B7EC01B4A81}.Debug|Any CPU.Build.0 = Debug|Any CPU
		{60A38E1D-DD2A-4C67-A707-7B7EC01B4A81}.Release|Any CPU.ActiveCfg = Release|Any CPU
		{60A38E1D-DD2A-4C67-A707-7B7EC01B4A81}.Release|Any CPU.Build.0 = Release|Any CPU
	EndGlobalSection
	GlobalSection(SolutionProperties) = preSolution
		HideSolutionNode = FALSE
	EndGlobalSection
	GlobalSection(ExtensibilityGlobals) = postSolution
		SolutionGuid = {A6ECAB14-A141-44B3-BD42-247F3126F4A7}
	EndGlobalSection
EndGlobal
